
Microsoft Visual Studio Solution File, Format Version 12.00
# Visual Studio Version 17
VisualStudioVersion = 17.14.36511.14 d17.14
MinimumVisualStudioVersion = 10.0.40219.1
Project("{FAE04EC0-301F-11D3-BF4B-00C04F79EFBC}") = "ex1", "ex1\ex1.csproj", "{9B464CD8-2D3A-47DF-AD25-E33799ECBF89}"
EndProject
Project("{FAE04EC0-301F-11D3-BF4B-00C04F79EFBC}") = "ex2", "ex2\ex2.csproj", "{D6F04E34-CF0E-4C66-A858-23BE20EB7F5E}"
EndProject
Global
	GlobalSection(SolutionConfigurationPlatforms) = preSolution
		Debug|Any CPU = Debug|Any CPU
		Release|Any CPU = Release|Any CPU
	EndGlobalSection
	GlobalSection(ProjectConfigurationPlatforms) = postSolution
		{9B464CD8-2D3A-47DF-AD25-E33799ECBF89}.Debug|Any CPU.ActiveCfg = Debug|Any CPU
		{9B464CD8-2D3A-47DF-AD25-E33799ECBF89}.Debug|Any CPU.Build.0 = Debug|Any CPU
		{9B464CD8-2D3A-47DF-AD25-E33799ECBF89}.Release|Any CPU.ActiveCfg = Release|Any CPU
		{9B464CD8-2D3A-47DF-AD25-E33799ECBF89}.Release|Any CPU.Build.0 = Release|Any CPU
		{D6F04E34-CF0E-4C66-A858-23BE20EB7F5E}.Debug|Any CPU.ActiveCfg = Debug|Any CPU
		{D6F04E34-CF0E-4C66-A858-23BE20EB7F5E}.Debug|Any CPU.Build.0 = Debug|Any CPU
		{D6F04E34-CF0E-4C66-A858-23BE20EB7F5E}.Release|Any CPU.ActiveCfg = Release|Any CPU
		{D6F04E34-CF0E-4C66-A858-23BE20EB7F5E}.Release|Any CPU.Build.0 = Release|Any CPU
	EndGlobalSection
	GlobalSection(SolutionProperties) = preSolution
		HideSolutionNode = FALSE
	EndGlobalSection
	GlobalSection(ExtensibilityGlobals) = postSolution
		SolutionGuid = {2073A1DE-5AF0-47DE-A2A3-E9A2D8C23CDA}
	EndGlobalSection
EndGlobal
